
Microsoft Visual Studio Solution File, Format Version 12.00
# Visual Studio Version 16
VisualStudioVersion = 16.0.30404.54
MinimumVisualStudioVersion = 10.0.40219.1
Project("{2150E333-8FDC-42A3-9474-1A3956D46DE8}") = "Src", "Src", "{F35A6303-B8C0-4673-8EF3-26D9961E93D4}"
EndProject
Project("{FAE04EC0-301F-11D3-BF4B-00C04F79EFBC}") = "WpfAppMVVM", "Src\Wpf\WpfAppMVVM\WpfAppMVVM.csproj", "{1D011C84-5BCE-458E-BDD1-03BB65A9A193}"
EndProject
Global
	GlobalSection(SolutionConfigurationPlatforms) = preSolution
		Debug|Any CPU = Debug|Any CPU
		Release|Any CPU = Release|Any CPU
	EndGlobalSection
	GlobalSection(ProjectConfigurationPlatforms) = postSolution
		{1D011C84-5BCE-458E-BDD1-03BB65A9A193}.Debug|Any CPU.ActiveCfg = Debug|Any CPU
		{1D011C84-5BCE-458E-BDD1-03BB65A9A193}.Debug|Any CPU.Build.0 = Debug|Any CPU
		{1D011C84-5BCE-458E-BDD1-03BB65A9A193}.Release|Any CPU.ActiveCfg = Release|Any CPU
		{1D011C84-5BCE-458E-BDD1-03BB65A9A193}.Release|Any CPU.Build.0 = Release|Any CPU
	EndGlobalSection
	GlobalSection(SolutionProperties) = preSolution
		HideSolutionNode = FALSE
	EndGlobalSection
	GlobalSection(NestedProjects) = preSolution
		{1D011C84-5BCE-458E-BDD1-03BB65A9A193} = {F35A6303-B8C0-4673-8EF3-26D9961E93D4}
	EndGlobalSection
	GlobalSection(ExtensibilityGlobals) = postSolution
		SolutionGuid = {05BCB6A2-8487-4FC5-BD01-BEBC62C17F60}
	EndGlobalSection
EndGlobal
